
Microsoft Visual Studio Solution File, Format Version 12.00
# Visual Studio 15
VisualStudioVersion = 15.0.28307.168
MinimumVisualStudioVersion = 10.0.40219.1
Project("{FAE04EC0-301F-11D3-BF4B-00C04F79EFBC}") = "JarPack", "JarPack\JarPack.csproj", "{C7BB36CB-D649-4613-9FA1-9F6A7A76B18D}"
EndProject
Global
	GlobalSection(SolutionConfigurationPlatforms) = preSolution
		Debug|Any CPU = Debug|Any CPU
		Release|Any CPU = Release|Any CPU
	EndGlobalSection
	GlobalSection(ProjectConfigurationPlatforms) = postSolution
		{C7BB36CB-D649-4613-9FA1-9F6A7A76B18D}.Debug|Any CPU.ActiveCfg = Debug|Any CPU
		{C7BB36CB-D649-4613-9FA1-9F6A7A76B18D}.Debug|Any CPU.Build.0 = Debug|Any CPU
		{C7BB36CB-D649-4613-9FA1-9F6A7A76B18D}.Release|Any CPU.ActiveCfg = Release|Any CPU
		{C7BB36CB-D649-4613-9FA1-9F6A7A76B18D}.Release|Any CPU.Build.0 = Release|Any CPU
	EndGlobalSection
	GlobalSection(SolutionProperties) = preSolution
		HideSolutionNode = FALSE
	EndGlobalSection
	GlobalSection(ExtensibilityGlobals) = postSolution
		SolutionGuid = {F6429EA0-9025-42AC-BD84-FAFF6786A36C}
	EndGlobalSection
EndGlobal
